// !$*UTF8*$!
{
	archiveVersion = 1;
	classes = {
	};
	objectVersion = 77;
	objects = {

/* Begin PBXBuildFile section */
		41D77C403030284000FD7519 /* DawnlyWidgetExtension.appex in Embed Foundation Extensions */ = {isa = PBXBuildFile; fileRef = 41D77C2E3030283F00FD7519 /* DawnlyWidgetExtension.appex */; settings = {ATTRIBUTES = (RemoveHeadersOnCopy, ); }; };
		41D77C5A303043C700FD7519 /* SwiftUI.framework in Frameworks */ = {isa = PBXBuildFile; fileRef = 41D77C323030283F00FD7519 /* SwiftUI.framework */; };
		41D77C5D303043CA00FD7519 /* WidgetKit.framework in Frameworks */ = {isa = PBXBuildFile; fileRef = 41D77C303030283F00FD7519 /* WidgetKit.framework */; };
		41D77C61303043DD00FD7519 /* ActivityKit.framework in Frameworks */ = {isa = PBXBuildFile; fileRef = 41D77C5F303043D900FD7519 /* ActivityKit.framework */; };
/* End PBXBuildFile section */

/* Begin PBXContainerItemProxy section */
		41D77C3E3030284000FD7519 /* PBXContainerItemProxy */ = {
			isa = PBXContainerItemProxy;
			containerPortal = 419E7F8D302490D900D7ACD5 /* Project object */;
			proxyType = 1;
			remoteGlobalIDString = 41D77C2D3030283F00FD7519;
			remoteInfo = DawnlyWidgetExtension;
		};
/* End PBXContainerItemProxy section */

/* Begin PBXCopyFilesBuildPhase section */
		41D77C413030284000FD7519 /* Embed Foundation Extensions */ = {
			isa = PBXCopyFilesBuildPhase;
			buildActionMask = 2147483647;
			dstPath = "";
			dstSubfolderSpec = 13;
			files = (
				41D77C403030284000FD7519 /* DawnlyWidgetExtension.appex in Embed Foundation Extensions */,
			);
			name = "Embed Foundation Extensions";
			runOnlyForDeploymentPostprocessing = 0;
		};
/* End PBXCopyFilesBuildPhase section */

/* Begin PBXFileReference section */
		419E7F95302490D900D7ACD5 /* dawnly.app */ = {isa = PBXFileReference; explicitFileType = wrapper.application; includeInIndex = 0; path = dawnly.app; sourceTree = BUILT_PRODUCTS_DIR; };
		41D77C2E3030283F00FD7519 /* DawnlyWidgetExtension.appex */ = {isa = PBXFileReference; explicitFileType = "wrapper.app-extension"; includeInIndex = 0; path = DawnlyWidgetExtension.appex; sourceTree = BUILT_PRODUCTS_DIR; };
		41D77C303030283F00FD7519 /* WidgetKit.framework */ = {isa = PBXFileReference; lastKnownFileType = wrapper.framework; name = WidgetKit.framework; path = System/Library/Frameworks/WidgetKit.framework; sourceTree = SDKROOT; };
		41D77C323030283F00FD7519 /* SwiftUI.framework */ = {isa = PBXFileReference; lastKnownFileType = wrapper.framework; name = SwiftUI.framework; path = System/Library/Frameworks/SwiftUI.framework; sourceTree = SDKROOT; };
		41D77C4730302C3000FD7519 /* DawnlyWidgetExtension.entitlements */ = {isa = PBXFileReference; lastKnownFileType = text.plist.entitlements; path = DawnlyWidgetExtension.entitlements; sourceTree = "<group>"; };
		41D77C5F303043D900FD7519 /* ActivityKit.framework */ = {isa = PBXFileReference; lastKnownFileType = wrapper.framework; name = ActivityKit.framework; path = System/Library/Frameworks/ActivityKit.framework; sourceTree = SDKROOT; };
/* End PBXFileReference section */

/* Begin PBXFileSystemSynchronizedBuildFileExceptionSet section */
		41D77C443030284000FD7519 /* Exceptions for "DawnlyWidget" folder in "DawnlyWidgetExtension" target */ = {
			isa = PBXFileSystemSynchronizedBuildFileExceptionSet;
			membershipExceptions = (
				Info.plist,
			);
			target = 41D77C2D3030283F00FD7519 /* DawnlyWidgetExtension */;
		};
		41D77C4B30302D1F00FD7519 /* Exceptions for "dawnly" folder in "DawnlyWidgetExtension" target */ = {
			isa = PBXFileSystemSynchronizedBuildFileExceptionSet;
			membershipExceptions = (
				DawnlyActivityAttributes.swift,
				DawnlySharedState.swift,
				SharedModelContainer.swift,
			);
			target = 41D77C2D3030283F00FD7519 /* DawnlyWidgetExtension */;
		};
		41F5EF123030ACEA00CC14F6 /* Exceptions for "Models" folder in "DawnlyWidgetExtension" target */ = {
			isa = PBXFileSystemSynchronizedBuildFileExceptionSet;
			membershipExceptions = (
				FocusSession.swift,
			);
			target = 41D77C2D3030283F00FD7519 /* DawnlyWidgetExtension */;
		};
/* End PBXFileSystemSynchronizedBuildFileExceptionSet section */

/* Begin PBXFileSystemSynchronizedRootGroup section */
		419E7F97302490D900D7ACD5 /* dawnly */ = {
			isa = PBXFileSystemSynchronizedRootGroup;
			exceptions = (
				41D77C4B30302D1F00FD7519 /* Exceptions for "dawnly" folder in "DawnlyWidgetExtension" target */,
			);
			path = dawnly;
			sourceTree = "<group>";
		};
		419E7FA43024917200D7ACD5 /* Models */ = {
			isa = PBXFileSystemSynchronizedRootGroup;
			exceptions = (
				41F5EF123030ACEA00CC14F6 /* Exceptions for "Models" folder in "DawnlyWidgetExtension" target */,
			);
			path = Models;
			sourceTree = "<group>";
		};
		419E7FA83024919900D7ACD5 /* Managers */ = {
			isa = PBXFileSystemSynchronizedRootGroup;
			path = Managers;
			sourceTree = "<group>";
		};
		419E7FAA302491B000D7ACD5 /* Views */ = {
			isa = PBXFileSystemSynchronizedRootGroup;
			path = Views;
			sourceTree = "<group>";
		};
		419E7FAC302491BD00D7ACD5 /* Components */ = {
			isa = PBXFileSystemSynchronizedRootGroup;
			path = Components;
			sourceTree = "<group>";
		};
		419E7FAE302491CC00D7ACD5 /* Persistence  */ = {
			isa = PBXFileSystemSynchronizedRootGroup;
			path = "Persistence ";
			sourceTree = "<group>";
		};
		419E7FB0302491D900D7ACD5 /* Utilities */ = {
			isa = PBXFileSystemSynchronizedRootGroup;
			path = Utilities;
			sourceTree = "<group>";
		};
		419E7FB2302491E600D7ACD5 /* Assets */ = {
			isa = PBXFileSystemSynchronizedRootGroup;
			path = Assets;
			sourceTree = "<group>";
		};
		41D77C343030283F00FD7519 /* DawnlyWidget */ = {
			isa = PBXFileSystemSynchronizedRootGroup;
			exceptions = (
				41D77C443030284000FD7519 /* Exceptions for "DawnlyWidget" folder in "DawnlyWidgetExtension" target */,
			);
			path = DawnlyWidget;
			sourceTree = "<group>";
		};
/* End PBXFileSystemSynchronizedRootGroup section */

/* Begin PBXFrameworksBuildPhase section */
		419E7F92302490D900D7ACD5 /* Frameworks */ = {
			isa = PBXFrameworksBuildPhase;
			buildActionMask = 2147483647;
			files = (
			);
			runOnlyForDeploymentPostprocessing = 0;
		};
		41D77C2B3030283F00FD7519 /* Frameworks */ = {
			isa = PBXFrameworksBuildPhase;
			buildActionMask = 2147483647;
			files = (
				41D77C61303043DD00FD7519 /* ActivityKit.framework in Frameworks */,
				41D77C5A303043C700FD7519 /* SwiftUI.framework in Frameworks */,
				41D77C5D303043CA00FD7519 /* WidgetKit.framework in Frameworks */,
			);
			runOnlyForDeploymentPostprocessing = 0;
		};
/* End PBXFrameworksBuildPhase section */

/* Begin PBXGroup section */
		419E7F8C302490D900D7ACD5 = {
			isa = PBXGroup;
			children = (
				41D77C4730302C3000FD7519 /* DawnlyWidgetExtension.entitlements */,
				419E7F97302490D900D7ACD5 /* dawnly */,
				41D77C343030283F00FD7519 /* DawnlyWidget */,
				41D77C2F3030283F00FD7519 /* Frameworks */,
				419E7F96302490D900D7ACD5 /* Products */,
				419E7FA43024917200D7ACD5 /* Models */,
				419E7FA83024919900D7ACD5 /* Managers */,
				419E7FAA302491B000D7ACD5 /* Views */,
				419E7FAC302491BD00D7ACD5 /* Components */,
				419E7FAE302491CC00D7ACD5 /* Persistence  */,
				419E7FB0302491D900D7ACD5 /* Utilities */,
				419E7FB2302491E600D7ACD5 /* Assets */,
			);
			sourceTree = "<group>";
		};
		419E7F96302490D900D7ACD5 /* Products */ = {
			isa = PBXGroup;
			children = (
				419E7F95302490D900D7ACD5 /* dawnly.app */,
				41D77C2E3030283F00FD7519 /* DawnlyWidgetExtension.appex */,
			);
			name = Products;
			sourceTree = "<group>";
		};
		41D77C2F3030283F00FD7519 /* Frameworks */ = {
			isa = PBXGroup;
			children = (
				41D77C5F303043D900FD7519 /* ActivityKit.framework */,
				41D77C303030283F00FD7519 /* WidgetKit.framework */,
				41D77C323030283F00FD7519 /* SwiftUI.framework */,
			);
			name = Frameworks;
			sourceTree = "<group>";
		};
/* End PBXGroup section */

/* Begin PBXNativeTarget section */
		419E7F94302490D900D7ACD5 /* dawnly */ = {
			isa = PBXNativeTarget;
			buildConfigurationList = 419E7FA0302490DA00D7ACD5 /* Build configuration list for PBXNativeTarget "dawnly" */;
			buildPhases = (
				419E7F91302490D900D7ACD5 /* Sources */,
				419E7F92302490D900D7ACD5 /* Frameworks */,
				419E7F93302490D900D7ACD5 /* Resources */,
				41D77C413030284000FD7519 /* Embed Foundation Extensions */,
			);
			buildRules = (
			);
			dependencies = (
				41D77C3F3030284000FD7519 /* PBXTargetDependency */,
			);
			fileSystemSynchronizedGroups = (
				419E7F97302490D900D7ACD5 /* dawnly */,
				419E7FA43024917200D7ACD5 /* Models */,
				419E7FA83024919900D7ACD5 /* Managers */,
				419E7FAA302491B000D7ACD5 /* Views */,
				419E7FAC302491BD00D7ACD5 /* Components */,
				419E7FAE302491CC00D7ACD5 /* Persistence  */,
				419E7FB0302491D900D7ACD5 /* Utilities */,
				419E7FB2302491E600D7ACD5 /* Assets */,
			);
			name = dawnly;
			packageProductDependencies = (
			);
			productName = dawnly;
			productReference = 419E7F95302490D900D7ACD5 /* dawnly.app */;
			productType = "com.apple.product-type.application";
		};
		41D77C2D3030283F00FD7519 /* DawnlyWidgetExtension */ = {
			isa = PBXNativeTarget;
			buildConfigurationList = 41D77C453030284000FD7519 /* Build configuration list for PBXNativeTarget "DawnlyWidgetExtension" */;
			buildPhases = (
				41D77C2A3030283F00FD7519 /* Sources */,
				41D77C2B3030283F00FD7519 /* Frameworks */,
				41D77C2C3030283F00FD7519 /* Resources */,
			);
			buildRules = (
			);
			dependencies = (
			);
			fileSystemSynchronizedGroups = (
				41D77C343030283F00FD7519 /* DawnlyWidget */,
			);
			name = DawnlyWidgetExtension;
			packageProductDependencies = (
			);
			productName = DawnlyWidgetExtension;
			productReference = 41D77C2E3030283F00FD7519 /* DawnlyWidgetExtension.appex */;
			productType = "com.apple.product-type.app-extension";
		};
/* End PBXNativeTarget section */

/* Begin PBXProject section */
		419E7F8D302490D900D7ACD5 /* Project object */ = {
			isa = PBXProject;
			attributes = {
				BuildIndependentTargetsInParallel = 1;
				LastSwiftUpdateCheck = 2660;
				LastUpgradeCheck = 2660;
				TargetAttributes = {
					419E7F94302490D900D7ACD5 = {
						CreatedOnToolsVersion = 26.6;
					};
					41D77C2D3030283F00FD7519 = {
						CreatedOnToolsVersion = 26.6;
					};
				};
			};
			buildConfigurationList = 419E7F90302490D900D7ACD5 /* Build configuration list for PBXProject "dawnly" */;
			developmentRegion = en;
			hasScannedForEncodings = 0;
			knownRegions = (
				en,
				Base,
			);
			mainGroup = 419E7F8C302490D900D7ACD5;
			minimizedProjectReferenceProxies = 1;
			preferredProjectObjectVersion = 77;
			productRefGroup = 419E7F96302490D900D7ACD5 /* Products */;
			projectDirPath = "";
			projectRoot = "";
			targets = (
				419E7F94302490D900D7ACD5 /* dawnly */,
				41D77C2D3030283F00FD7519 /* DawnlyWidgetExtension */,
			);
		};
/* End PBXProject section */

/* Begin PBXResourcesBuildPhase section */
		419E7F93302490D900D7ACD5 /* Resources */ = {
			isa = PBXResourcesBuildPhase;
			buildActionMask = 2147483647;
			files = (
			);
			runOnlyForDeploymentPostprocessing = 0;
		};
		41D77C2C3030283F00FD7519 /* Resources */ = {
			isa = PBXResourcesBuildPhase;
			buildActionMask = 2147483647;
			files = (
			);
			runOnlyForDeploymentPostprocessing = 0;
		};
/* End PBXResourcesBuildPhase section */

/* Begin PBXSourcesBuildPhase section */
		419E7F91302490D900D7ACD5 /* Sources */ = {
			isa = PBXSourcesBuildPhase;
			buildActionMask = 2147483647;
			files = (
			);
			runOnlyForDeploymentPostprocessing = 0;
		};
		41D77C2A3030283F00FD7519 /* Sources */ = {
			isa = PBXSourcesBuildPhase;
			buildActionMask = 2147483647;
			files = (
			);
			runOnlyForDeploymentPostprocessing = 0;
		};
/* End PBXSourcesBuildPhase section */

/* Begin PBXTargetDependency section */
		41D77C3F3030284000FD7519 /* PBXTargetDependency */ = {
			isa = PBXTargetDependency;
			target = 41D77C2D3030283F00FD7519 /* DawnlyWidgetExtension */;
			targetProxy = 41D77C3E3030284000FD7519 /* PBXContainerItemProxy */;
		};
/* End PBXTargetDependency section */

/* Begin XCBuildConfiguration section */
		419E7F9E302490DA00D7ACD5 /* Debug */ = {
			isa = XCBuildConfiguration;
			buildSettings = {
				ALWAYS_SEARCH_USER_PATHS = NO;
				ASSETCATALOG_COMPILER_GENERATE_SWIFT_ASSET_SYMBOL_EXTENSIONS = YES;
				CLANG_ANALYZER_NONNULL = YES;
				CLANG_ANALYZER_NUMBER_OBJECT_CONVERSION = YES_AGGRESSIVE;
				CLANG_CXX_LANGUAGE_STANDARD = "gnu++20";
				CLANG_ENABLE_MODULES = YES;
				CLANG_ENABLE_OBJC_ARC = YES;
				CLANG_ENABLE_OBJC_WEAK = YES;
				CLANG_WARN_BLOCK_CAPTURE_AUTORELEASING = YES;
				CLANG_WARN_BOOL_CONVERSION = YES;
				CLANG_WARN_COMMA = YES;
				CLANG_WARN_CONSTANT_CONVERSION = YES;
				CLANG_WARN_DEPRECATED_OBJC_IMPLEMENTATIONS = YES;
				CLANG_WARN_DIRECT_OBJC_ISA_USAGE = YES_ERROR;
				CLANG_WARN_DOCUMENTATION_COMMENTS = YES;
				CLANG_WARN_EMPTY_BODY = YES;
				CLANG_WARN_ENUM_CONVERSION = YES;
				CLANG_WARN_INFINITE_RECURSION = YES;
				CLANG_WARN_INT_CONVERSION = YES;
				CLANG_WARN_NON_LITERAL_NULL_CONVERSION = YES;
				CLANG_WARN_OBJC_IMPLICIT_RETAIN_SELF = YES;
				CLANG_WARN_OBJC_LITERAL_CONVERSION = YES;
				CLANG_WARN_OBJC_ROOT_CLASS = YES_ERROR;
				CLANG_WARN_QUOTED_INCLUDE_IN_FRAMEWORK_HEADER = YES;
				CLANG_WARN_RANGE_LOOP_ANALYSIS = YES;
				CLANG_WARN_STRICT_PROTOTYPES = YES;
				CLANG_WARN_SUSPICIOUS_MOVE = YES;
				CLANG_WARN_UNGUARDED_AVAILABILITY = YES_AGGRESSIVE;
				CLANG_WARN_UNREACHABLE_CODE = YES;
				CLANG_WARN__DUPLICATE_METHOD_MATCH = YES;
				COPY_PHASE_STRIP = NO;
				DEBUG_INFORMATION_FORMAT = dwarf;
				DEVELOPMENT_TEAM = W4NCQ5A3GY;
				ENABLE_STRICT_OBJC_MSGSEND = YES;
				ENABLE_TESTABILITY = YES;
				ENABLE_USER_SCRIPT_SANDBOXING = YES;
				GCC_C_LANGUAGE_STANDARD = gnu17;
				GCC_DYNAMIC_NO_PIC = NO;
				GCC_NO_COMMON_BLOCKS = YES;
				GCC_OPTIMIZATION_LEVEL = 0;
				GCC_PREPROCESSOR_DEFINITIONS = (
					"DEBUG=1",
					"$(inherited)",
				);
				GCC_WARN_64_TO_32_BIT_CONVERSION = YES;
				GCC_WARN_ABOUT_RETURN_TYPE = YES_ERROR;
				GCC_WARN_UNDECLARED_SELECTOR = YES;
				GCC_WARN_UNINITIALIZED_AUTOS = YES_AGGRESSIVE;
				GCC_WARN_UNUSED_FUNCTION = YES;
				GCC_WARN_UNUSED_VARIABLE = YES;
				IPHONEOS_DEPLOYMENT_TARGET = 26.5;
				LOCALIZATION_PREFERS_STRING_CATALOGS = YES;
				MTL_ENABLE_DEBUG_INFO = INCLUDE_SOURCE;
				MTL_FAST_MATH = YES;
				ONLY_ACTIVE_ARCH = YES;
				SDKROOT = iphoneos;
				SWIFT_ACTIVE_COMPILATION_CONDITIONS = "DEBUG $(inherited)";
				SWIFT_OPTIMIZATION_LEVEL = "-Onone";
			};
			name = Debug;
		};
		419E7F9F302490DA00D7ACD5 /* Release */ = {
			isa = XCBuildConfiguration;
			buildSettings = {
				ALWAYS_SEARCH_USER_PATHS = NO;
				ASSETCATALOG_COMPILER_GENERATE_SWIFT_ASSET_SYMBOL_EXTENSIONS = YES;
				CLANG_ANALYZER_NONNULL = YES;
				CLANG_ANALYZER_NUMBER_OBJECT_CONVERSION = YES_AGGRESSIVE;
				CLANG_CXX_LANGUAGE_STANDARD = "gnu++20";
				CLANG_ENABLE_MODULES = YES;
				CLANG_ENABLE_OBJC_ARC = YES;
				CLANG_ENABLE_OBJC_WEAK = YES;
				CLANG_WARN_BLOCK_CAPTURE_AUTORELEASING = YES;
				CLANG_WARN_BOOL_CONVERSION = YES;
				CLANG_WARN_COMMA = YES;
				CLANG_WARN_CONSTANT_CONVERSION = YES;
				CLANG_WARN_DEPRECATED_OBJC_IMPLEMENTATIONS = YES;
				CLANG_WARN_DIRECT_OBJC_ISA_USAGE = YES_ERROR;
				CLANG_WARN_DOCUMENTATION_COMMENTS = YES;
				CLANG_WARN_EMPTY_BODY = YES;
				CLANG_WARN_ENUM_CONVERSION = YES;
				CLANG_WARN_INFINITE_RECURSION = YES;
				CLANG_WARN_INT_CONVERSION = YES;
				CLANG_WARN_NON_LITERAL_NULL_CONVERSION = YES;
				CLANG_WARN_OBJC_IMPLICIT_RETAIN_SELF = YES;
				CLANG_WARN_OBJC_LITERAL_CONVERSION = YES;
				CLANG_WARN_OBJC_ROOT_CLASS = YES_ERROR;
				CLANG_WARN_QUOTED_INCLUDE_IN_FRAMEWORK_HEADER = YES;
				CLANG_WARN_RANGE_LOOP_ANALYSIS = YES;
				CLANG_WARN_STRICT_PROTOTYPES = YES;
				CLANG_WARN_SUSPICIOUS_MOVE = YES;
				CLANG_WARN_UNGUARDED_AVAILABILITY = YES_AGGRESSIVE;
				CLANG_WARN_UNREACHABLE_CODE = YES;
				CLANG_WARN__DUPLICATE_METHOD_MATCH = YES;
				COPY_PHASE_STRIP = NO;
				DEBUG_INFORMATION_FORMAT = "dwarf-with-dsym";
				DEVELOPMENT_TEAM = W4NCQ5A3GY;
				ENABLE_NS_ASSERTIONS = NO;
				ENABLE_STRICT_OBJC_MSGSEND = YES;
				ENABLE_USER_SCRIPT_SANDBOXING = YES;
				GCC_C_LANGUAGE_STANDARD = gnu17;
				GCC_NO_COMMON_BLOCKS = YES;
				GCC_WARN_64_TO_32_BIT_CONVERSION = YES;
				GCC_WARN_ABOUT_RETURN_TYPE = YES_ERROR;
				GCC_WARN_UNDECLARED_SELECTOR = YES;
				GCC_WARN_UNINITIALIZED_AUTOS = YES_AGGRESSIVE;
				GCC_WARN_UNUSED_FUNCTION = YES;
				GCC_WARN_UNUSED_VARIABLE = YES;
				IPHONEOS_DEPLOYMENT_TARGET = 26.5;
				LOCALIZATION_PREFERS_STRING_CATALOGS = YES;
				MTL_ENABLE_DEBUG_INFO = NO;
				MTL_FAST_MATH = YES;
				SDKROOT = iphoneos;
				SWIFT_COMPILATION_MODE = wholemodule;
				VALIDATE_PRODUCT = YES;
			};
			name = Release;
		};
		419E7FA1302490DA00D7ACD5 /* Debug */ = {
			isa = XCBuildConfiguration;
			buildSettings = {
				ASSETCATALOG_COMPILER_APPICON_NAME = AppIcon;
				ASSETCATALOG_COMPILER_GLOBAL_ACCENT_COLOR_NAME = AccentColor;
				CODE_SIGN_ENTITLEMENTS = dawnly/dawnly.entitlements;
				CODE_SIGN_STYLE = Automatic;
				CURRENT_PROJECT_VERSION = 2;
				DEVELOPMENT_TEAM = W4NCQ5A3GY;
				ENABLE_PREVIEWS = YES;
				GENERATE_INFOPLIST_FILE = YES;
				INFOPLIST_KEY_CFBundleDisplayName = Dawnly;
				INFOPLIST_KEY_NSSupportsLiveActivities = YES;
				INFOPLIST_KEY_UIApplicationSceneManifest_Generation = YES;
				INFOPLIST_KEY_UIApplicationSupportsIndirectInputEvents = YES;
				INFOPLIST_KEY_UILaunchScreen_Generation = YES;
				INFOPLIST_KEY_UISupportedInterfaceOrientations_iPad = "UIInterfaceOrientationPortrait UIInterfaceOrientationPortraitUpsideDown UIInterfaceOrientationLandscapeLeft UIInterfaceOrientationLandscapeRight";
				INFOPLIST_KEY_UISupportedInterfaceOrientations_iPhone = "UIInterfaceOrientationPortrait UIInterfaceOrientationLandscapeLeft UIInterfaceOrientationLandscapeRight";
				IPHONEOS_DEPLOYMENT_TARGET = 18.0;
				LD_RUNPATH_SEARCH_PATHS = (
					"$(inherited)",
					"@executable_path/Frameworks",
				);
				MARKETING_VERSION = 1.0;
				PRODUCT_BUNDLE_IDENTIFIER = com.akhinabraham.dawnly;
				PRODUCT_NAME = "$(TARGET_NAME)";
				STRING_CATALOG_GENERATE_SYMBOLS = YES;
				SWIFT_APPROACHABLE_CONCURRENCY = YES;
				SWIFT_DEFAULT_ACTOR_ISOLATION = MainActor;
				SWIFT_EMIT_LOC_STRINGS = YES;
				SWIFT_UPCOMING_FEATURE_MEMBER_IMPORT_VISIBILITY = YES;
				SWIFT_VERSION = 5.0;
				TARGETED_DEVICE_FAMILY = "1,2";
			};
			name = Debug;
		};
		419E7FA2302490DA00D7ACD5 /* Release */ = {
			isa = XCBuildConfiguration;
			buildSettings = {
				ASSETCATALOG_COMPILER_APPICON_NAME = AppIcon;
				ASSETCATALOG_COMPILER_GLOBAL_ACCENT_COLOR_NAME = AccentColor;
				CODE_SIGN_ENTITLEMENTS = dawnly/dawnly.entitlements;
				CODE_SIGN_STYLE = Automatic;
				CURRENT_PROJECT_VERSION = 2;
				DEVELOPMENT_TEAM = W4NCQ5A3GY;
				ENABLE_PREVIEWS = YES;
				GENERATE_INFOPLIST_FILE = YES;
				INFOPLIST_KEY_CFBundleDisplayName = Dawnly;
				INFOPLIST_KEY_NSSupportsLiveActivities = YES;
				INFOPLIST_KEY_UIApplicationSceneManifest_Generation = YES;
				INFOPLIST_KEY_UIApplicationSupportsIndirectInputEvents = YES;
				INFOPLIST_KEY_UILaunchScreen_Generation = YES;
				INFOPLIST_KEY_UISupportedInterfaceOrientations_iPad = "UIInterfaceOrientationPortrait UIInterfaceOrientationPortraitUpsideDown UIInterfaceOrientationLandscapeLeft UIInterfaceOrientationLandscapeRight";
				INFOPLIST_KEY_UISupportedInterfaceOrientations_iPhone = "UIInterfaceOrientationPortrait UIInterfaceOrientationLandscapeLeft UIInterfaceOrientationLandscapeRight";
				IPHONEOS_DEPLOYMENT_TARGET = 18.0;
				LD_RUNPATH_SEARCH_PATHS = (
					"$(inherited)",
					"@executable_path/Frameworks",
				);
				MARKETING_VERSION = 1.0;
				PRODUCT_BUNDLE_IDENTIFIER = com.akhinabraham.dawnly;
				PRODUCT_NAME = "$(TARGET_NAME)";
				STRING_CATALOG_GENERATE_SYMBOLS = YES;
				SWIFT_APPROACHABLE_CONCURRENCY = YES;
				SWIFT_DEFAULT_ACTOR_ISOLATION = MainActor;
				SWIFT_EMIT_LOC_STRINGS = YES;
				SWIFT_UPCOMING_FEATURE_MEMBER_IMPORT_VISIBILITY = YES;
				SWIFT_VERSION = 5.0;
				TARGETED_DEVICE_FAMILY = "1,2";
			};
			name = Release;
		};
		41D77C423030284000FD7519 /* Debug */ = {
			isa = XCBuildConfiguration;
			buildSettings = {
				ASSETCATALOG_COMPILER_GLOBAL_ACCENT_COLOR_NAME = AccentColor;
				ASSETCATALOG_COMPILER_WIDGET_BACKGROUND_COLOR_NAME = WidgetBackground;
				CODE_SIGN_ENTITLEMENTS = DawnlyWidgetExtension.entitlements;
				CODE_SIGN_STYLE = Automatic;
				CURRENT_PROJECT_VERSION = 1;
				DEVELOPMENT_TEAM = W4NCQ5A3GY;
				GENERATE_INFOPLIST_FILE = YES;
				INFOPLIST_FILE = DawnlyWidget/Info.plist;
				INFOPLIST_KEY_CFBundleDisplayName = "Dawnly Widget";
				INFOPLIST_KEY_NSHumanReadableCopyright = "";
				IPHONEOS_DEPLOYMENT_TARGET = 18.0;
				LD_RUNPATH_SEARCH_PATHS = (
					"$(inherited)",
					"@executable_path/Frameworks",
					"@executable_path/../../Frameworks",
				);
				MARKETING_VERSION = 1.0;
				PRODUCT_BUNDLE_IDENTIFIER = com.akhinabraham.dawnly.DawnlyWidget;
				PRODUCT_NAME = "$(TARGET_NAME)";
				SKIP_INSTALL = YES;
				STRING_CATALOG_GENERATE_SYMBOLS = YES;
				SWIFT_APPROACHABLE_CONCURRENCY = YES;
				SWIFT_EMIT_LOC_STRINGS = YES;
				SWIFT_UPCOMING_FEATURE_MEMBER_IMPORT_VISIBILITY = YES;
				SWIFT_VERSION = 5.0;
				TARGETED_DEVICE_FAMILY = "1,2";
			};
			name = Debug;
		};
		41D77C433030284000FD7519 /* Release */ = {
			isa = XCBuildConfiguration;
			buildSettings = {
				ASSETCATALOG_COMPILER_GLOBAL_ACCENT_COLOR_NAME = AccentColor;
				ASSETCATALOG_COMPILER_WIDGET_BACKGROUND_COLOR_NAME = WidgetBackground;
				CODE_SIGN_ENTITLEMENTS = DawnlyWidgetExtension.entitlements;
				CODE_SIGN_STYLE = Automatic;
				CURRENT_PROJECT_VERSION = 1;
				DEVELOPMENT_TEAM = W4NCQ5A3GY;
				GENERATE_INFOPLIST_FILE = YES;
				INFOPLIST_FILE = DawnlyWidget/Info.plist;
				INFOPLIST_KEY_CFBundleDisplayName = "Dawnly Widget";
				INFOPLIST_KEY_NSHumanReadableCopyright = "";
				IPHONEOS_DEPLOYMENT_TARGET = 18.0;
				LD_RUNPATH_SEARCH_PATHS = (
					"$(inherited)",
					"@executable_path/Frameworks",
					"@executable_path/../../Frameworks",
				);
				MARKETING_VERSION = 1.0;
				PRODUCT_BUNDLE_IDENTIFIER = com.akhinabraham.dawnly.DawnlyWidget;
				PRODUCT_NAME = "$(TARGET_NAME)";
				SKIP_INSTALL = YES;
				STRING_CATALOG_GENERATE_SYMBOLS = YES;
				SWIFT_APPROACHABLE_CONCURRENCY = YES;
				SWIFT_EMIT_LOC_STRINGS = YES;
				SWIFT_UPCOMING_FEATURE_MEMBER_IMPORT_VISIBILITY = YES;
				SWIFT_VERSION = 5.0;
				TARGETED_DEVICE_FAMILY = "1,2";
			};
			name = Release;
		};
/* End XCBuildConfiguration section */

/* Begin XCConfigurationList section */
		419E7F90302490D900D7ACD5 /* Build configuration list for PBXProject "dawnly" */ = {
			isa = XCConfigurationList;
			buildConfigurations = (
				419E7F9E302490DA00D7ACD5 /* Debug */,
				419E7F9F302490DA00D7ACD5 /* Release */,
			);
			defaultConfigurationIsVisible = 0;
			defaultConfigurationName = Release;
		};
		419E7FA0302490DA00D7ACD5 /* Build configuration list for PBXNativeTarget "dawnly" */ = {
			isa = XCConfigurationList;
			buildConfigurations = (
				419E7FA1302490DA00D7ACD5 /* Debug */,
				419E7FA2302490DA00D7ACD5 /* Release */,
			);
			defaultConfigurationIsVisible = 0;
			defaultConfigurationName = Release;
		};
		41D77C453030284000FD7519 /* Build configuration list for PBXNativeTarget "DawnlyWidgetExtension" */ = {
			isa = XCConfigurationList;
			buildConfigurations = (
				41D77C423030284000FD7519 /* Debug */,
				41D77C433030284000FD7519 /* Release */,
			);
			defaultConfigurationIsVisible = 0;
			defaultConfigurationName = Release;
		};
/* End XCConfigurationList section */
	};
	rootObject = 419E7F8D302490D900D7ACD5 /* Project object */;
}
